<?xml version="1.0" encoding="utf-8"?>
<Project ToolsVersion="4.0" xmlns="http://schemas.microsoft.com/developer/msbuild/2003">
  <ItemGroup>
    <Filter Include="Source Files">
      <UniqueIdentifier>{4FC737F1-C7A5-4376-A066-2A32D752A2FF}</UniqueIdentifier>
      <Extensions>cpp;c;cc;cxx;c++;cppm;ixx;def;odl;idl;hpj;bat;asm;asmx</Extensions>
    </Filter>
    <Filter Include="Header Files">
      <UniqueIdentifier>{93995380-89BD-4b04-88EB-625FBE52EBFB}</UniqueIdentifier>
      <Extensions>h;hh;hpp;hxx;h++;hm;inl;inc;ipp;xsd</Extensions>
    </Filter>
    <Filter Include="Resource Files">
      <UniqueIdentifier>{67DA6AB6-F800-4c08-8B7A-83BB121AAD01}</UniqueIdentifier>
      <Extensions>rc;ico;cur;bmp;dlg;rc2;rct;bin;rgs;gif;jpg;jpeg;jpe;resx;tiff;tif;png;wav;mfcribbon-ms</Extensions>
    </Filter>
    <Filter Include="Header Files\Classes">
      <UniqueIdentifier>{e55ffa19-eb1f-49b5-a4f6-abd32247b3e7}</UniqueIdentifier>
    </Filter>
  </ItemGroup>
  <ItemGroup>
    <ClInclude Include="framework.h">
      <Filter>Header Files</Filter>
    </ClInclude>
    <ClInclude Include="pch.h">
      <Filter>Header Files</Filter>
    </ClInclude>
    <ClInclude Include="DLL.h">
      <Filter>Header Files</Filter>
    </ClInclude>
    <ClInclude Include="User.h">
      <Filter>Header Files\Classes</Filter>
    </ClInclude>
    <ClInclude Include="CUser.h">
      <Filter>Header Files\Classes</Filter>
    </ClInclude>
    <ClInclude Include="Socketer.h">
      <Filter>Header Files\Classes</Filter>
    </ClInclude>
    <ClInclude Include="TCPSock.h">
      <Filter>Header Files\Classes</Filter>
    </ClInclude>
    <ClInclude Include="Team.h">
      <Filter>Header Files\Classes</Filter>
    </ClInclude>
    <ClInclude Include="UDPSock.h">
      <Filter>Header Files\Classes</Filter>
    </ClInclude>
    <ClInclude Include="UserLogs.h">
      <Filter>Header Files\Classes</Filter>
    </ClInclude>
    <ClInclude Include="Writer.h">
      <Filter>Header Files\Classes</Filter>
    </ClInclude>
    <ClInclude Include="Admin.h">
      <Filter>Header Files\Classes</Filter>
    </ClInclude>
    <ClInclude Include="AdminConn.h">
      <Filter>Header Files\Classes</Filter>
    </ClInclude>
    <ClInclude Include="CLogger.h">
      <Filter>Header Files\Classes</Filter>
    </ClInclude>
    <ClInclude Include="Common.h">
      <Filter>Header Files\Classes</Filter>
    </ClInclude>
    <ClInclude Include="Connection.h">
      <Filter>Header Files\Classes</Filter>
    </ClInclude>
    <ClInclude Include="CTeam.h">
      <Filter>Header Files\Classes</Filter>
    </ClInclude>
    <ClInclude Include="CustomSerial.h">
      <Filter>Header Files\Classes</Filter>
    </ClInclude>
    <ClInclude Include="DBConn.h">
      <Filter>Header Files\Classes</Filter>
    </ClInclude>
    <ClInclude Include="DBLogs.h">
      <Filter>Header Files\Classes</Filter>
    </ClInclude>
    <ClInclude Include="download_sock.h">
      <Filter>Header Files\Classes</Filter>
    </ClInclude>
    <ClInclude Include="JSONDec.h">
      <Filter>Header Files\Classes</Filter>
    </ClInclude>
    <ClInclude Include="JSONEnc.h">
      <Filter>Header Files\Classes</Filter>
    </ClInclude>
    <ClInclude Include="JWTDec.h">
      <Filter>Header Files\Classes</Filter>
    </ClInclude>
    <ClInclude Include="JWTEnc.h">
      <Filter>Header Files\Classes</Filter>
    </ClInclude>
    <ClInclude Include="Logger.h">
      <Filter>Header Files\Classes</Filter>
    </ClInclude>
    <ClInclude Include="Scoreboard.h">
      <Filter>Header Files\Classes</Filter>
    </ClInclude>
    <ClInclude Include="ServerLogs.h">
      <Filter>Header Files\Classes</Filter>
    </ClInclude>
  </ItemGroup>
  <ItemGroup>
    <ClCompile Include="dllmain.cpp">
      <Filter>Source Files</Filter>
    </ClCompile>
    <ClCompile Include="pch.cpp">
      <Filter>Source Files</Filter>
    </ClCompile>
    <ClCompile Include="tobedel.cpp">
      <Filter>Source Files</Filter>
    </ClCompile>
    <ClCompile Include="CUser.cpp">
      <Filter>Source Files</Filter>
    </ClCompile>
    <ClCompile Include="JSONEnc.cpp">
      <Filter>Source Files</Filter>
    </ClCompile>
  </ItemGroup>
  <ItemGroup>
    <None Include="ClassDiagram.cd" />
  </ItemGroup>
</Project>